
Microsoft Visual Studio Solution File, Format Version 12.00
# Visual Studio 2012
Project("{2150E333-8FDC-42A3-9474-1A3956D46DE8}") = "1_Web", "1_Web", "{0F3BDCC1-13AF-49B5-8C2C-6FCC112B5D7F}"
EndProject
Project("{2150E333-8FDC-42A3-9474-1A3956D46DE8}") = "3_DomainModel", "3_DomainModel", "{6B06E1FF-BA6B-4521-A645-B3D47C1FA33B}"
EndProject
Project("{2150E333-8FDC-42A3-9474-1A3956D46DE8}") = "4_Repository", "4_Repository", "{2542E855-E4E6-414C-A825-D26A2D018815}"
EndProject
Project("{2150E333-8FDC-42A3-9474-1A3956D46DE8}") = "5_Infrastructure", "5_Infrastructure", "{E1551113-E1D2-46C3-BC51-1D7EA2419658}"
EndProject
Project("{2150E333-8FDC-42A3-9474-1A3956D46DE8}") = "6_Tests", "6_Tests", "{2370D0CF-2625-4DF9-851F-EFCE0183E340}"
EndProject
Project("{2150E333-8FDC-42A3-9474-1A3956D46DE8}") = "2_Service", "2_Service", "{738554EE-6387-489E-832B-CBE60759A5EC}"
EndProject
Project("{2150E333-8FDC-42A3-9474-1A3956D46DE8}") = "Util", "Util", "{54C53F88-A4E6-4FF9-877D-37676C15211C}"
EndProject
Project("{2150E333-8FDC-42A3-9474-1A3956D46DE8}") = "Cache", "Cache", "{3F2D1482-A61B-4086-A0DE-5FD1AC77887C}"
EndProject
Project("{FAE04EC0-301F-11D3-BF4B-00C04F79EFBC}") = "DM.IService", "2_Service\DM.IService\DM.IService.csproj", "{9513DD5D-CF3B-474B-9FC6-F59F3AFB5993}"
EndProject
Project("{FAE04EC0-301F-11D3-BF4B-00C04F79EFBC}") = "DM.Service", "2_Service\DM.Service\DM.Service.csproj", "{68ADEE9D-EA7A-4A4D-A6D0-4DD316F41224}"
EndProject
Project("{FAE04EC0-301F-11D3-BF4B-00C04F79EFBC}") = "DM.Infrastructure.Domain", "5_Infrastructure\DM.Infrastructure.Domain\DM.Infrastructure.Domain.csproj", "{1CB44BDA-02E2-4ED0-BD8E-7D0FC890896E}"
EndProject
Project("{FAE04EC0-301F-11D3-BF4B-00C04F79EFBC}") = "DM.Infrastructure.Repository", "5_Infrastructure\DM.Infrastructure.Repository\DM.Infrastructure.Repository.csproj", "{59CCCD20-532C-4672-B8F7-5F3D1DD2CB08}"
EndProject
Project("{FAE04EC0-301F-11D3-BF4B-00C04F79EFBC}") = "DM.Infrastructure.Cache", "5_Infrastructure\DM.Infrastructure.Cache\DM.Infrastructure.Cache.csproj", "{5DD5835B-7040-4E3E-985F-525BD2F0F330}"
EndProject
Project("{FAE04EC0-301F-11D3-BF4B-00C04F79EFBC}") = "DM.IRepository", "4_Repository\DM.IRepository\DM.IRepository.csproj", "{EC414F6A-7E6D-4B0D-B898-0B5F64ED339F}"
EndProject
Project("{FAE04EC0-301F-11D3-BF4B-00C04F79EFBC}") = "DM.UnitTest", "6_Tests\DM.UnitTest\DM.UnitTest.csproj", "{E475DED3-0CFF-4764-9178-B2721763733A}"
EndProject
Project("{FAE04EC0-301F-11D3-BF4B-00C04F79EFBC}") = "DM.Infrastructure.Util.StructureMapHelpers", "5_Infrastructure\DM.Infrastructure.Util.StructureMapHelpers\DM.Infrastructure.Util.StructureMapHelpers.csproj", "{F0D20F0A-2327-4A21-927D-F9B85497723D}"
EndProject
Project("{FAE04EC0-301F-11D3-BF4B-00C04F79EFBC}") = "DM.DomainModel", "3_DomainModel\DM.DomainModel\DM.DomainModel.csproj", "{DE7ACBBC-EBEE-437A-A706-181DE219006B}"
EndProject
Project("{FAE04EC0-301F-11D3-BF4B-00C04F79EFBC}") = "DM.Infrastructure.Util.ExcelHelpers", "5_Infrastructure\DM.Infrastructure.Util.ExcelHelpers\DM.Infrastructure.Util.ExcelHelpers.csproj", "{3B6718CB-811D-44D5-BFF6-77254DF8ECC2}"
EndProject
Project("{FAE04EC0-301F-11D3-BF4B-00C04F79EFBC}") = "DM.Infrastructure.Util.TextHelper", "5_Infrastructure\DM.Infrastructure.Util.TextHelper\DM.Infrastructure.Util.TextHelper.csproj", "{10EE9699-584D-4A6E-BAD4-C7DE951C48B1}"
EndProject
Project("{FAE04EC0-301F-11D3-BF4B-00C04F79EFBC}") = "DM.Infrastructure.Util.SendMailHelper", "5_Infrastructure\DM.Infrastructure.Util.SendMailHelper\DM.Infrastructure.Util.SendMailHelper.csproj", "{E87C7F1A-BF40-4D67-8C97-48B2EBE337F3}"
EndProject
Project("{FAE04EC0-301F-11D3-BF4B-00C04F79EFBC}") = "DM.ViewModel", "2_Service\ViewModel\DM.ViewModel.csproj", "{55DC997E-AD55-4E1F-8C13-11434003AE0A}"
EndProject
Project("{FAE04EC0-301F-11D3-BF4B-00C04F79EFBC}") = "DM.WebUI", "1_Web\DM.WebUI\DM.WebUI.csproj", "{3AD5480A-1A6A-4A50-B794-0919F3A7CFAF}"
EndProject
Project("{FAE04EC0-301F-11D3-BF4B-00C04F79EFBC}") = "DM.Repository", "4_Repository\DM.Repository\DM.Repository.csproj", "{D8DB94E7-9419-4F30-BFA1-A2AAC6CC74ED}"
EndProject
Project("{FAE04EC0-301F-11D3-BF4B-00C04F79EFBC}") = "DM.Infrastructure.UnitOfWork", "5_Infrastructure\DM.Infrastructure.UnitOfWork\DM.Infrastructure.UnitOfWork.csproj", "{19AB42B1-485E-4616-9A46-EA63B4DC0197}"
EndProject
Project("{FAE04EC0-301F-11D3-BF4B-00C04F79EFBC}") = "DM.Infrastructure.Log", "5_Infrastructure\DM.Infrastructure.Log\DM.Infrastructure.Log.csproj", "{B6D58AA5-AD48-44DA-944F-38A34A55DBDB}"
EndProject
Project("{2150E333-8FDC-42A3-9474-1A3956D46DE8}") = "Route", "Route", "{EAB85CDD-6FAA-4804-922E-8A075398CF80}"
EndProject
Project("{FAE04EC0-301F-11D3-BF4B-00C04F79EFBC}") = "DM.Infrastructure.Route", "5_Infrastructure\DM.Infrastructure.Route\DM.Infrastructure.Route.csproj", "{9244C7B0-FE29-4595-8FC4-ADC99CBC98C5}"
EndProject
Project("{FAE04EC0-301F-11D3-BF4B-00C04F79EFBC}") = "DM.Infrastructure.Util.LangHelpers", "5_Infrastructure\DM.Infrastructure.Util.LangHelpers\DM.Infrastructure.Util.LangHelpers.csproj", "{0D5D06EE-FF65-4C8B-9949-44A853597C0F}"
EndProject
Project("{FAE04EC0-301F-11D3-BF4B-00C04F79EFBC}") = "DM.Infrastructure.Util.CsvHelpers", "5_Infrastructure\DM.Infrastructure.Util.CsvHelpers\DM.Infrastructure.Util.CsvHelpers.csproj", "{24A63229-08B5-4AB5-A1E1-E054875BB394}"
EndProject
Project("{FAE04EC0-301F-11D3-BF4B-00C04F79EFBC}") = "DM.Infrastructure.Util.DateTimeHelpers", "5_Infrastructure\DM.Infrastructure.Util.DateTimeHelpers\DM.Infrastructure.Util.DateTimeHelpers.csproj", "{2AA21199-8E62-441D-960A-2F32125CC620}"
EndProject
Project("{FAE04EC0-301F-11D3-BF4B-00C04F79EFBC}") = "DM.Infrastructure.Util.FtpHelpers", "5_Infrastructure\DM.Infrastructure.Util.FtpHelpers\DM.Infrastructure.Util.FtpHelpers.csproj", "{F90FFD99-EAFD-41C8-A8D2-E91438533289}"
EndProject
Project("{FAE04EC0-301F-11D3-BF4B-00C04F79EFBC}") = "DM.Infrastructure.Util.HttpHelpers", "5_Infrastructure\DM.Infrastructure.Util.HttpHelpers\DM.Infrastructure.Util.HttpHelpers.csproj", "{4F728703-934E-4A74-A69F-277F660D94CE}"
EndProject
Project("{FAE04EC0-301F-11D3-BF4B-00C04F79EFBC}") = "DM.Infrastructure.Util.XmlHelpers", "5_Infrastructure\DM.Infrastructure.Util.XmlHelpers\DM.Infrastructure.Util.XmlHelpers.csproj", "{2F9F8751-5B48-45F3-8CA0-6A192B5FE75D}"
EndProject
Project("{FAE04EC0-301F-11D3-BF4B-00C04F79EFBC}") = "DM.Infrastructure.Util.ScriptHelpers", "5_Infrastructure\DM.Infrastructure.Util.ScriptHelpers\DM.Infrastructure.Util.ScriptHelpers.csproj", "{65A0760C-DB40-44DC-A027-CF5AE540CD53}"
EndProject
Project("{FAE04EC0-301F-11D3-BF4B-00C04F79EFBC}") = "DM.Infrastructure.Util.HtmlHelpers", "5_Infrastructure\DM.Infrastructure.Util.HtmlHelpers\DM.Infrastructure.Util.HtmlHelpers.csproj", "{BF910227-ABC4-42A7-A065-F8DE5BC2D890}"
EndProject
Project("{FAE04EC0-301F-11D3-BF4B-00C04F79EFBC}") = "DM.Infrastructure.Util.PageUtil", "5_Infrastructure\DM.Infrastructure.Util.PageUtil\DM.Infrastructure.Util.PageUtil.csproj", "{1CFAB398-FCB2-410B-B9A2-3F3D11629286}"
EndProject
Project("{FAE04EC0-301F-11D3-BF4B-00C04F79EFBC}") = "DM.Infrastructure.Util.FeatureHelpers", "5_Infrastructure\DM.Infrastructure.Util.FeatureHelpers\DM.Infrastructure.Util.FeatureHelpers.csproj", "{CD84EB2F-E749-4A29-B772-30315CD8DD50}"
EndProject
Global
	GlobalSection(SolutionConfigurationPlatforms) = preSolution
		Debug|Any CPU = Debug|Any CPU
		Release|Any CPU = Release|Any CPU
	EndGlobalSection
	GlobalSection(ProjectConfigurationPlatforms) = postSolution
		{9513DD5D-CF3B-474B-9FC6-F59F3AFB5993}.Debug|Any CPU.ActiveCfg = Debug|Any CPU
		{9513DD5D-CF3B-474B-9FC6-F59F3AFB5993}.Debug|Any CPU.Build.0 = Debug|Any CPU
		{9513DD5D-CF3B-474B-9FC6-F59F3AFB5993}.Release|Any CPU.ActiveCfg = Release|Any CPU
		{9513DD5D-CF3B-474B-9FC6-F59F3AFB5993}.Release|Any CPU.Build.0 = Release|Any CPU
		{68ADEE9D-EA7A-4A4D-A6D0-4DD316F41224}.Debug|Any CPU.ActiveCfg = Debug|Any CPU
		{68ADEE9D-EA7A-4A4D-A6D0-4DD316F41224}.Debug|Any CPU.Build.0 = Debug|Any CPU
		{68ADEE9D-EA7A-4A4D-A6D0-4DD316F41224}.Release|Any CPU.ActiveCfg = Release|Any CPU
		{68ADEE9D-EA7A-4A4D-A6D0-4DD316F41224}.Release|Any CPU.Build.0 = Release|Any CPU
		{1CB44BDA-02E2-4ED0-BD8E-7D0FC890896E}.Debug|Any CPU.ActiveCfg = Debug|Any CPU
		{1CB44BDA-02E2-4ED0-BD8E-7D0FC890896E}.Debug|Any CPU.Build.0 = Debug|Any CPU
		{1CB44BDA-02E2-4ED0-BD8E-7D0FC890896E}.Release|Any CPU.ActiveCfg = Release|Any CPU
		{1CB44BDA-02E2-4ED0-BD8E-7D0FC890896E}.Release|Any CPU.Build.0 = Release|Any CPU
		{59CCCD20-532C-4672-B8F7-5F3D1DD2CB08}.Debug|Any CPU.ActiveCfg = Debug|Any CPU
		{59CCCD20-532C-4672-B8F7-5F3D1DD2CB08}.Debug|Any CPU.Build.0 = Debug|Any CPU
		{59CCCD20-532C-4672-B8F7-5F3D1DD2CB08}.Release|Any CPU.ActiveCfg = Release|Any CPU
		{59CCCD20-532C-4672-B8F7-5F3D1DD2CB08}.Release|Any CPU.Build.0 = Release|Any CPU
		{5DD5835B-7040-4E3E-985F-525BD2F0F330}.Debug|Any CPU.ActiveCfg = Debug|Any CPU
		{5DD5835B-7040-4E3E-985F-525BD2F0F330}.Debug|Any CPU.Build.0 = Debug|Any CPU
		{5DD5835B-7040-4E3E-985F-525BD2F0F330}.Release|Any CPU.ActiveCfg = Release|Any CPU
		{5DD5835B-7040-4E3E-985F-525BD2F0F330}.Release|Any CPU.Build.0 = Release|Any CPU
		{EC414F6A-7E6D-4B0D-B898-0B5F64ED339F}.Debug|Any CPU.ActiveCfg = Debug|Any CPU
		{EC414F6A-7E6D-4B0D-B898-0B5F64ED339F}.Debug|Any CPU.Build.0 = Debug|Any CPU
		{EC414F6A-7E6D-4B0D-B898-0B5F64ED339F}.Release|Any CPU.ActiveCfg = Release|Any CPU
		{EC414F6A-7E6D-4B0D-B898-0B5F64ED339F}.Release|Any CPU.Build.0 = Release|Any CPU
		{E475DED3-0CFF-4764-9178-B2721763733A}.Debug|Any CPU.ActiveCfg = Debug|Any CPU
		{E475DED3-0CFF-4764-9178-B2721763733A}.Debug|Any CPU.Build.0 = Debug|Any CPU
		{E475DED3-0CFF-4764-9178-B2721763733A}.Release|Any CPU.ActiveCfg = Release|Any CPU
		{E475DED3-0CFF-4764-9178-B2721763733A}.Release|Any CPU.Build.0 = Release|Any CPU
		{F0D20F0A-2327-4A21-927D-F9B85497723D}.Debug|Any CPU.ActiveCfg = Debug|Any CPU
		{F0D20F0A-2327-4A21-927D-F9B85497723D}.Debug|Any CPU.Build.0 = Debug|Any CPU
		{F0D20F0A-2327-4A21-927D-F9B85497723D}.Release|Any CPU.ActiveCfg = Release|Any CPU
		{F0D20F0A-2327-4A21-927D-F9B85497723D}.Release|Any CPU.Build.0 = Release|Any CPU
		{DE7ACBBC-EBEE-437A-A706-181DE219006B}.Debug|Any CPU.ActiveCfg = Debug|Any CPU
		{DE7ACBBC-EBEE-437A-A706-181DE219006B}.Debug|Any CPU.Build.0 = Debug|Any CPU
		{DE7ACBBC-EBEE-437A-A706-181DE219006B}.Release|Any CPU.ActiveCfg = Release|Any CPU
		{DE7ACBBC-EBEE-437A-A706-181DE219006B}.Release|Any CPU.Build.0 = Release|Any CPU
		{3B6718CB-811D-44D5-BFF6-77254DF8ECC2}.Debug|Any CPU.ActiveCfg = Debug|Any CPU
		{3B6718CB-811D-44D5-BFF6-77254DF8ECC2}.Debug|Any CPU.Build.0 = Debug|Any CPU
		{3B6718CB-811D-44D5-BFF6-77254DF8ECC2}.Release|Any CPU.ActiveCfg = Release|Any CPU
		{3B6718CB-811D-44D5-BFF6-77254DF8ECC2}.Release|Any CPU.Build.0 = Release|Any CPU
		{10EE9699-584D-4A6E-BAD4-C7DE951C48B1}.Debug|Any CPU.ActiveCfg = Debug|Any CPU
		{10EE9699-584D-4A6E-BAD4-C7DE951C48B1}.Debug|Any CPU.Build.0 = Debug|Any CPU
		{10EE9699-584D-4A6E-BAD4-C7DE951C48B1}.Release|Any CPU.ActiveCfg = Release|Any CPU
		{10EE9699-584D-4A6E-BAD4-C7DE951C48B1}.Release|Any CPU.Build.0 = Release|Any CPU
		{E87C7F1A-BF40-4D67-8C97-48B2EBE337F3}.Debug|Any CPU.ActiveCfg = Debug|Any CPU
		{E87C7F1A-BF40-4D67-8C97-48B2EBE337F3}.Debug|Any CPU.Build.0 = Debug|Any CPU
		{E87C7F1A-BF40-4D67-8C97-48B2EBE337F3}.Release|Any CPU.ActiveCfg = Release|Any CPU
		{E87C7F1A-BF40-4D67-8C97-48B2EBE337F3}.Release|Any CPU.Build.0 = Release|Any CPU
		{55DC997E-AD55-4E1F-8C13-11434003AE0A}.Debug|Any CPU.ActiveCfg = Debug|Any CPU
		{55DC997E-AD55-4E1F-8C13-11434003AE0A}.Debug|Any CPU.Build.0 = Debug|Any CPU
		{55DC997E-AD55-4E1F-8C13-11434003AE0A}.Release|Any CPU.ActiveCfg = Release|Any CPU
		{55DC997E-AD55-4E1F-8C13-11434003AE0A}.Release|Any CPU.Build.0 = Release|Any CPU
		{3AD5480A-1A6A-4A50-B794-0919F3A7CFAF}.Debug|Any CPU.ActiveCfg = Debug|Any CPU
		{3AD5480A-1A6A-4A50-B794-0919F3A7CFAF}.Debug|Any CPU.Build.0 = Debug|Any CPU
		{3AD5480A-1A6A-4A50-B794-0919F3A7CFAF}.Release|Any CPU.ActiveCfg = Release|Any CPU
		{3AD5480A-1A6A-4A50-B794-0919F3A7CFAF}.Release|Any CPU.Build.0 = Release|Any CPU
		{D8DB94E7-9419-4F30-BFA1-A2AAC6CC74ED}.Debug|Any CPU.ActiveCfg = Debug|Any CPU
		{D8DB94E7-9419-4F30-BFA1-A2AAC6CC74ED}.Debug|Any CPU.Build.0 = Debug|Any CPU
		{D8DB94E7-9419-4F30-BFA1-A2AAC6CC74ED}.Release|Any CPU.ActiveCfg = Release|Any CPU
		{D8DB94E7-9419-4F30-BFA1-A2AAC6CC74ED}.Release|Any CPU.Build.0 = Release|Any CPU
		{19AB42B1-485E-4616-9A46-EA63B4DC0197}.Debug|Any CPU.ActiveCfg = Debug|Any CPU
		{19AB42B1-485E-4616-9A46-EA63B4DC0197}.Debug|Any CPU.Build.0 = Debug|Any CPU
		{19AB42B1-485E-4616-9A46-EA63B4DC0197}.Release|Any CPU.ActiveCfg = Release|Any CPU
		{19AB42B1-485E-4616-9A46-EA63B4DC0197}.Release|Any CPU.Build.0 = Release|Any CPU
		{B6D58AA5-AD48-44DA-944F-38A34A55DBDB}.Debug|Any CPU.ActiveCfg = Debug|Any CPU
		{B6D58AA5-AD48-44DA-944F-38A34A55DBDB}.Debug|Any CPU.Build.0 = Debug|Any CPU
		{B6D58AA5-AD48-44DA-944F-38A34A55DBDB}.Release|Any CPU.ActiveCfg = Release|Any CPU
		{B6D58AA5-AD48-44DA-944F-38A34A55DBDB}.Release|Any CPU.Build.0 = Release|Any CPU
		{9244C7B0-FE29-4595-8FC4-ADC99CBC98C5}.Debug|Any CPU.ActiveCfg = Debug|Any CPU
		{9244C7B0-FE29-4595-8FC4-ADC99CBC98C5}.Debug|Any CPU.Build.0 = Debug|Any CPU
		{9244C7B0-FE29-4595-8FC4-ADC99CBC98C5}.Release|Any CPU.ActiveCfg = Release|Any CPU
		{9244C7B0-FE29-4595-8FC4-ADC99CBC98C5}.Release|Any CPU.Build.0 = Release|Any CPU
		{0D5D06EE-FF65-4C8B-9949-44A853597C0F}.Debug|Any CPU.ActiveCfg = Debug|Any CPU
		{0D5D06EE-FF65-4C8B-9949-44A853597C0F}.Debug|Any CPU.Build.0 = Debug|Any CPU
		{0D5D06EE-FF65-4C8B-9949-44A853597C0F}.Release|Any CPU.ActiveCfg = Release|Any CPU
		{0D5D06EE-FF65-4C8B-9949-44A853597C0F}.Release|Any CPU.Build.0 = Release|Any CPU
		{24A63229-08B5-4AB5-A1E1-E054875BB394}.Debug|Any CPU.ActiveCfg = Debug|Any CPU
		{24A63229-08B5-4AB5-A1E1-E054875BB394}.Debug|Any CPU.Build.0 = Debug|Any CPU
		{24A63229-08B5-4AB5-A1E1-E054875BB394}.Release|Any CPU.ActiveCfg = Release|Any CPU
		{24A63229-08B5-4AB5-A1E1-E054875BB394}.Release|Any CPU.Build.0 = Release|Any CPU
		{2AA21199-8E62-441D-960A-2F32125CC620}.Debug|Any CPU.ActiveCfg = Debug|Any CPU
		{2AA21199-8E62-441D-960A-2F32125CC620}.Debug|Any CPU.Build.0 = Debug|Any CPU
		{2AA21199-8E62-441D-960A-2F32125CC620}.Release|Any CPU.ActiveCfg = Release|Any CPU
		{2AA21199-8E62-441D-960A-2F32125CC620}.Release|Any CPU.Build.0 = Release|Any CPU
		{F90FFD99-EAFD-41C8-A8D2-E91438533289}.Debug|Any CPU.ActiveCfg = Debug|Any CPU
		{F90FFD99-EAFD-41C8-A8D2-E91438533289}.Debug|Any CPU.Build.0 = Debug|Any CPU
		{F90FFD99-EAFD-41C8-A8D2-E91438533289}.Release|Any CPU.ActiveCfg = Release|Any CPU
		{F90FFD99-EAFD-41C8-A8D2-E91438533289}.Release|Any CPU.Build.0 = Release|Any CPU
		{4F728703-934E-4A74-A69F-277F660D94CE}.Debug|Any CPU.ActiveCfg = Debug|Any CPU
		{4F728703-934E-4A74-A69F-277F660D94CE}.Debug|Any CPU.Build.0 = Debug|Any CPU
		{4F728703-934E-4A74-A69F-277F660D94CE}.Release|Any CPU.ActiveCfg = Release|Any CPU
		{4F728703-934E-4A74-A69F-277F660D94CE}.Release|Any CPU.Build.0 = Release|Any CPU
		{2F9F8751-5B48-45F3-8CA0-6A192B5FE75D}.Debug|Any CPU.ActiveCfg = Debug|Any CPU
		{2F9F8751-5B48-45F3-8CA0-6A192B5FE75D}.Debug|Any CPU.Build.0 = Debug|Any CPU
		{2F9F8751-5B48-45F3-8CA0-6A192B5FE75D}.Release|Any CPU.ActiveCfg = Release|Any CPU
		{2F9F8751-5B48-45F3-8CA0-6A192B5FE75D}.Release|Any CPU.Build.0 = Release|Any CPU
		{65A0760C-DB40-44DC-A027-CF5AE540CD53}.Debug|Any CPU.ActiveCfg = Debug|Any CPU
		{65A0760C-DB40-44DC-A027-CF5AE540CD53}.Debug|Any CPU.Build.0 = Debug|Any CPU
		{65A0760C-DB40-44DC-A027-CF5AE540CD53}.Release|Any CPU.ActiveCfg = Release|Any CPU
		{65A0760C-DB40-44DC-A027-CF5AE540CD53}.Release|Any CPU.Build.0 = Release|Any CPU
		{BF910227-ABC4-42A7-A065-F8DE5BC2D890}.Debug|Any CPU.ActiveCfg = Debug|Any CPU
		{BF910227-ABC4-42A7-A065-F8DE5BC2D890}.Debug|Any CPU.Build.0 = Debug|Any CPU
		{BF910227-ABC4-42A7-A065-F8DE5BC2D890}.Release|Any CPU.ActiveCfg = Release|Any CPU
		{BF910227-ABC4-42A7-A065-F8DE5BC2D890}.Release|Any CPU.Build.0 = Release|Any CPU
		{1CFAB398-FCB2-410B-B9A2-3F3D11629286}.Debug|Any CPU.ActiveCfg = Debug|Any CPU
		{1CFAB398-FCB2-410B-B9A2-3F3D11629286}.Debug|Any CPU.Build.0 = Debug|Any CPU
		{1CFAB398-FCB2-410B-B9A2-3F3D11629286}.Release|Any CPU.ActiveCfg = Release|Any CPU
		{1CFAB398-FCB2-410B-B9A2-3F3D11629286}.Release|Any CPU.Build.0 = Release|Any CPU
		{CD84EB2F-E749-4A29-B772-30315CD8DD50}.Debug|Any CPU.ActiveCfg = Debug|Any CPU
		{CD84EB2F-E749-4A29-B772-30315CD8DD50}.Debug|Any CPU.Build.0 = Debug|Any CPU
		{CD84EB2F-E749-4A29-B772-30315CD8DD50}.Release|Any CPU.ActiveCfg = Release|Any CPU
		{CD84EB2F-E749-4A29-B772-30315CD8DD50}.Release|Any CPU.Build.0 = Release|Any CPU
	EndGlobalSection
	GlobalSection(SolutionProperties) = preSolution
		HideSolutionNode = FALSE
	EndGlobalSection
	GlobalSection(NestedProjects) = preSolution
		{3AD5480A-1A6A-4A50-B794-0919F3A7CFAF} = {0F3BDCC1-13AF-49B5-8C2C-6FCC112B5D7F}
		{DE7ACBBC-EBEE-437A-A706-181DE219006B} = {6B06E1FF-BA6B-4521-A645-B3D47C1FA33B}
		{EC414F6A-7E6D-4B0D-B898-0B5F64ED339F} = {2542E855-E4E6-414C-A825-D26A2D018815}
		{D8DB94E7-9419-4F30-BFA1-A2AAC6CC74ED} = {2542E855-E4E6-414C-A825-D26A2D018815}
		{54C53F88-A4E6-4FF9-877D-37676C15211C} = {E1551113-E1D2-46C3-BC51-1D7EA2419658}
		{3F2D1482-A61B-4086-A0DE-5FD1AC77887C} = {E1551113-E1D2-46C3-BC51-1D7EA2419658}
		{1CB44BDA-02E2-4ED0-BD8E-7D0FC890896E} = {E1551113-E1D2-46C3-BC51-1D7EA2419658}
		{59CCCD20-532C-4672-B8F7-5F3D1DD2CB08} = {E1551113-E1D2-46C3-BC51-1D7EA2419658}
		{19AB42B1-485E-4616-9A46-EA63B4DC0197} = {E1551113-E1D2-46C3-BC51-1D7EA2419658}
		{B6D58AA5-AD48-44DA-944F-38A34A55DBDB} = {E1551113-E1D2-46C3-BC51-1D7EA2419658}
		{EAB85CDD-6FAA-4804-922E-8A075398CF80} = {E1551113-E1D2-46C3-BC51-1D7EA2419658}
		{E475DED3-0CFF-4764-9178-B2721763733A} = {2370D0CF-2625-4DF9-851F-EFCE0183E340}
		{9513DD5D-CF3B-474B-9FC6-F59F3AFB5993} = {738554EE-6387-489E-832B-CBE60759A5EC}
		{68ADEE9D-EA7A-4A4D-A6D0-4DD316F41224} = {738554EE-6387-489E-832B-CBE60759A5EC}
		{55DC997E-AD55-4E1F-8C13-11434003AE0A} = {738554EE-6387-489E-832B-CBE60759A5EC}
		{F0D20F0A-2327-4A21-927D-F9B85497723D} = {54C53F88-A4E6-4FF9-877D-37676C15211C}
		{3B6718CB-811D-44D5-BFF6-77254DF8ECC2} = {54C53F88-A4E6-4FF9-877D-37676C15211C}
		{10EE9699-584D-4A6E-BAD4-C7DE951C48B1} = {54C53F88-A4E6-4FF9-877D-37676C15211C}
		{E87C7F1A-BF40-4D67-8C97-48B2EBE337F3} = {54C53F88-A4E6-4FF9-877D-37676C15211C}
		{0D5D06EE-FF65-4C8B-9949-44A853597C0F} = {54C53F88-A4E6-4FF9-877D-37676C15211C}
		{24A63229-08B5-4AB5-A1E1-E054875BB394} = {54C53F88-A4E6-4FF9-877D-37676C15211C}
		{2AA21199-8E62-441D-960A-2F32125CC620} = {54C53F88-A4E6-4FF9-877D-37676C15211C}
		{F90FFD99-EAFD-41C8-A8D2-E91438533289} = {54C53F88-A4E6-4FF9-877D-37676C15211C}
		{4F728703-934E-4A74-A69F-277F660D94CE} = {54C53F88-A4E6-4FF9-877D-37676C15211C}
		{2F9F8751-5B48-45F3-8CA0-6A192B5FE75D} = {54C53F88-A4E6-4FF9-877D-37676C15211C}
		{65A0760C-DB40-44DC-A027-CF5AE540CD53} = {54C53F88-A4E6-4FF9-877D-37676C15211C}
		{BF910227-ABC4-42A7-A065-F8DE5BC2D890} = {54C53F88-A4E6-4FF9-877D-37676C15211C}
		{1CFAB398-FCB2-410B-B9A2-3F3D11629286} = {54C53F88-A4E6-4FF9-877D-37676C15211C}
		{CD84EB2F-E749-4A29-B772-30315CD8DD50} = {54C53F88-A4E6-4FF9-877D-37676C15211C}
		{5DD5835B-7040-4E3E-985F-525BD2F0F330} = {3F2D1482-A61B-4086-A0DE-5FD1AC77887C}
		{9244C7B0-FE29-4595-8FC4-ADC99CBC98C5} = {EAB85CDD-6FAA-4804-922E-8A075398CF80}
	EndGlobalSection
EndGlobal
